
Microsoft Visual Studio Solution File, Format Version 12.00
# Visual Studio 15
VisualStudioVersion = 15.0.26430.6
MinimumVisualStudioVersion = 10.0.40219.1
Project("{FAE04EC0-301F-11D3-BF4B-00C04F79EFBC}") = "Capa de presentacion", "PruebaCI2\Capa de presentacion.csproj", "{22AD55E5-858E-457C-BACA-DADE66C4F420}"
EndProject
Project("{FAE04EC0-301F-11D3-BF4B-00C04F79EFBC}") = "Capa de datos", "Capa de datos\Capa de datos.csproj", "{166D16A9-939A-4119-8EF3-ED64D8933E10}"
EndProject
Project("{FAE04EC0-301F-11D3-BF4B-00C04F79EFBC}") = "Capa de negocio", "Capa de negocio\Capa de negocio.csproj", "{33C862C3-A9DB-4B18-84CD-358812C4349D}"
EndProject
Global
	GlobalSection(SolutionConfigurationPlatforms) = preSolution
		Debug|Any CPU = Debug|Any CPU
		Release|Any CPU = Release|Any CPU
	EndGlobalSection
	GlobalSection(ProjectConfigurationPlatforms) = postSolution
		{22AD55E5-858E-457C-BACA-DADE66C4F420}.Debug|Any CPU.ActiveCfg = Debug|Any CPU
		{22AD55E5-858E-457C-BACA-DADE66C4F420}.Debug|Any CPU.Build.0 = Debug|Any CPU
		{22AD55E5-858E-457C-BACA-DADE66C4F420}.Release|Any CPU.ActiveCfg = Release|Any CPU
		{22AD55E5-858E-457C-BACA-DADE66C4F420}.Release|Any CPU.Build.0 = Release|Any CPU
		{166D16A9-939A-4119-8EF3-ED64D8933E10}.Debug|Any CPU.ActiveCfg = Debug|Any CPU
		{166D16A9-939A-4119-8EF3-ED64D8933E10}.Debug|Any CPU.Build.0 = Debug|Any CPU
		{166D16A9-939A-4119-8EF3-ED64D8933E10}.Release|Any CPU.ActiveCfg = Release|Any CPU
		{166D16A9-939A-4119-8EF3-ED64D8933E10}.Release|Any CPU.Build.0 = Release|Any CPU
		{33C862C3-A9DB-4B18-84CD-358812C4349D}.Debug|Any CPU.ActiveCfg = Debug|Any CPU
		{33C862C3-A9DB-4B18-84CD-358812C4349D}.Debug|Any CPU.Build.0 = Debug|Any CPU
		{33C862C3-A9DB-4B18-84CD-358812C4349D}.Release|Any CPU.ActiveCfg = Release|Any CPU
		{33C862C3-A9DB-4B18-84CD-358812C4349D}.Release|Any CPU.Build.0 = Release|Any CPU
	EndGlobalSection
	GlobalSection(SolutionProperties) = preSolution
		HideSolutionNode = FALSE
	EndGlobalSection
EndGlobal
